PODS:
  - Alamofire (3.4.1)
  - AlamofireImage (2.4.0):
    - Alamofire (~> 3.3)
  - SwiftyTimer (1.4.0)

DEPENDENCIES:
  - AlamofireImage (~> 2.4.0)
  - SwiftyTimer (~> 1.4.0)

SPEC CHECKSUMS:
  Alamofire: 01a82e2f6c0f860ade35534c8dd88be61bdef40c
  AlamofireImage: 87408b652e0f5ae5fe364035f15aea8b9b24c77e
  SwiftyTimer: db4458cfaf67fc71e16ad6e4637c60b86f76a649

PODFILE CHECKSUM: 6faf6584df9465263903ea5fcd1a9a3af6add12f

COCOAPODS: 1.0.1
